// !$*UTF8*$!
{
	archiveVersion = 1;
	classes = {
	};
	objectVersion = 56;
	objects = {

/* Begin PBXBuildFile section */
		FC1AEB982BDFCDE30044FD45 /* AppDelegate.swift in Sources */ = {isa = PBXBuildFile; fileRef = FC1AEB972BDFCDE30044FD45 /* AppDelegate.swift */; };
		FC1AEB9A2BDFCDE30044FD45 /* SceneDelegate.swift in Sources */ = {isa = PBXBuildFile; fileRef = FC1AEB992BDFCDE30044FD45 /* SceneDelegate.swift */; };
		FC1AEB9C2BDFCDE30044FD45 /* ViewController.swift in Sources */ = {isa = PBXBuildFile; fileRef = FC1AEB9B2BDFCDE30044FD45 /* ViewController.swift */; };
		FC1AEB9F2BDFCDE30044FD45 /* Main.storyboard in Resources */ = {isa = PBXBuildFile; fileRef = FC1AEB9D2BDFCDE30044FD45 /* Main.storyboard */; };
		FC1AEBA12BDFCDE40044FD45 /* Assets.xcassets in Resources */ = {isa = PBXBuildFile; fileRef = FC1AEBA02BDFCDE40044FD45 /* Assets.xcassets */; };
		FC1AEBA42BDFCDE40044FD45 /* LaunchScreen.storyboard in Resources */ = {isa = PBXBuildFile; fileRef = FC1AEBA22BDFCDE40044FD45 /* LaunchScreen.storyboard */; };
		FC1AEBAA2BDFCE3A0044FD45 /* TableHeaderView.swift in Sources */ = {isa = PBXBuildFile; fileRef = FC1AEBA92BDFCE3A0044FD45 /* TableHeaderView.swift */; };
		FC1AEBAC2BDFCF690044FD45 /* TableSectionHeaderView.swift in Sources */ = {isa = PBXBuildFile; fileRef = FC1AEBAB2BDFCF690044FD45 /* TableSectionHeaderView.swift */; };
		FC1AEBAE2BDFCF6E0044FD45 /* TableSectionHeaderView.xib in Resources */ = {isa = PBXBuildFile; fileRef = FC1AEBAD2BDFCF6E0044FD45 /* TableSectionHeaderView.xib */; };
		FC1AEBB22BDFD67A0044FD45 /* load_class.png in Resources */ = {isa = PBXBuildFile; fileRef = FC1AEBB12BDFD67A0044FD45 /* load_class.png */; };
		FC1AEBB42BDFFB710044FD45 /* MyAlbumsCell.swift in Sources */ = {isa = PBXBuildFile; fileRef = FC1AEBB32BDFFB710044FD45 /* MyAlbumsCell.swift */; };
		FC1AEBB62BDFFB8A0044FD45 /* MyAlbumsCell.swift in Sources */ = {isa = PBXBuildFile; fileRef = FC1AEBB52BDFFB8A0044FD45 /* MyAlbumsCell.swift */; };
		FC1AEBBA2BE00B330044FD45 /* AlbumCell.swift in Sources */ = {isa = PBXBuildFile; fileRef = FC1AEBB92BE00B330044FD45 /* AlbumCell.swift */; };
		FC1AEBBC2BE024350044FD45 /* MultilineCell.swift in Sources */ = {isa = PBXBuildFile; fileRef = FC1AEBBB2BE024350044FD45 /* MultilineCell.swift */; };
		FC1AEBC02BE10AB60044FD45 /* MultilineCell.swift in Sources */ = {isa = PBXBuildFile; fileRef = FC1AEBBF2BE10AB60044FD45 /* MultilineCell.swift */; };
		FC1AEBC22BE1147C0044FD45 /* PeopleAndPlacesCell.swift in Sources */ = {isa = PBXBuildFile; fileRef = FC1AEBC12BE1147C0044FD45 /* PeopleAndPlacesCell.swift */; };
		FC1AEBC42BE1175C0044FD45 /* PlacesCell.swift in Sources */ = {isa = PBXBuildFile; fileRef = FC1AEBC32BE1175C0044FD45 /* PlacesCell.swift */; };
		FC1AEBC62BE3EE180044FD45 /* systemLayoutSizeFitting.png in Resources */ = {isa = PBXBuildFile; fileRef = FC1AEBC52BE3EE180044FD45 /* systemLayoutSizeFitting.png */; };
		FC1AEBCE2BE3EE300044FD45 /* AppDelegate.swift in Sources */ = {isa = PBXBuildFile; fileRef = FC1AEBCD2BE3EE300044FD45 /* AppDelegate.swift */; };
		FC1AEBD02BE3EE300044FD45 /* SceneDelegate.swift in Sources */ = {isa = PBXBuildFile; fileRef = FC1AEBCF2BE3EE300044FD45 /* SceneDelegate.swift */; };
		FC1AEBD22BE3EE300044FD45 /* ViewController.swift in Sources */ = {isa = PBXBuildFile; fileRef = FC1AEBD12BE3EE300044FD45 /* ViewController.swift */; };
		FC1AEBD72BE3EE320044FD45 /* Assets.xcassets in Resources */ = {isa = PBXBuildFile; fileRef = FC1AEBD62BE3EE320044FD45 /* Assets.xcassets */; };
		FC1AEBDA2BE3EE320044FD45 /* LaunchScreen.storyboard in Resources */ = {isa = PBXBuildFile; fileRef = FC1AEBD82BE3EE320044FD45 /* LaunchScreen.storyboard */; };
		FC1AEBE02BE3EF900044FD45 /* CustomTableViewCell.swift in Sources */ = {isa = PBXBuildFile; fileRef = FC1AEBDF2BE3EF900044FD45 /* CustomTableViewCell.swift */; };
		FC1AEBE22BE3EFFA0044FD45 /* CustomTableViewCellV2.swift in Sources */ = {isa = PBXBuildFile; fileRef = FC1AEBE12BE3EFFA0044FD45 /* CustomTableViewCellV2.swift */; };
		FC1AEBE42BE3F03C0044FD45 /* CustomSectionHeaderView.swift in Sources */ = {isa = PBXBuildFile; fileRef = FC1AEBE32BE3F03C0044FD45 /* CustomSectionHeaderView.swift */; };
		FC6098A32BDB984100B96DE8 /* AlbumCell.swift in Sources */ = {isa = PBXBuildFile; fileRef = FC6098A22BDB984100B96DE8 /* AlbumCell.swift */; };
		FC6098A52BDB9A9800B96DE8 /* PeopleAndPlacesCell.swift in Sources */ = {isa = PBXBuildFile; fileRef = FC6098A42BDB9A9800B96DE8 /* PeopleAndPlacesCell.swift */; };
		FC815B5F2BDAB49F0008977F /* AppDelegate.swift in Sources */ = {isa = PBXBuildFile; fileRef = FC815B5E2BDAB49F0008977F /* AppDelegate.swift */; };
		FC815B612BDAB49F0008977F /* SceneDelegate.swift in Sources */ = {isa = PBXBuildFile; fileRef = FC815B602BDAB49F0008977F /* SceneDelegate.swift */; };
		FC815B632BDAB49F0008977F /* ViewController.swift in Sources */ = {isa = PBXBuildFile; fileRef = FC815B622BDAB49F0008977F /* ViewController.swift */; };
		FC815B682BDAB4A00008977F /* Assets.xcassets in Resources */ = {isa = PBXBuildFile; fileRef = FC815B672BDAB4A00008977F /* Assets.xcassets */; };
		FC815B6B2BDAB4A00008977F /* LaunchScreen.storyboard in Resources */ = {isa = PBXBuildFile; fileRef = FC815B692BDAB4A00008977F /* LaunchScreen.storyboard */; };
		FC815B8B2BDAB6BA0008977F /* TableHeaderView.swift in Sources */ = {isa = PBXBuildFile; fileRef = FC815B8A2BDAB6BA0008977F /* TableHeaderView.swift */; };
		FC815B8D2BDABE320008977F /* TableSectionHeaderView.swift in Sources */ = {isa = PBXBuildFile; fileRef = FC815B8C2BDABE320008977F /* TableSectionHeaderView.swift */; };
		FCC278E82BE68EA900EBFB33 /* String+extension.swift in Sources */ = {isa = PBXBuildFile; fileRef = FCC278E72BE68EA900EBFB33 /* String+extension.swift */; };
/* End PBXBuildFile section */

/* Begin PBXFileReference section */
		FC1AEB952BDFCDE30044FD45 /* ListDemoWithIB.app */ = {isa = PBXFileReference; explicitFileType = wrapper.application; includeInIndex = 0; path = ListDemoWithIB.app; sourceTree = BUILT_PRODUCTS_DIR; };
		FC1AEB972BDFCDE30044FD45 /* AppDelegate.swift */ = {isa = PBXFileReference; lastKnownFileType = sourcecode.swift; path = AppDelegate.swift; sourceTree = "<group>"; };
		FC1AEB992BDFCDE30044FD45 /* SceneDelegate.swift */ = {isa = PBXFileReference; lastKnownFileType = sourcecode.swift; path = SceneDelegate.swift; sourceTree = "<group>"; };
		FC1AEB9B2BDFCDE30044FD45 /* ViewController.swift */ = {isa = PBXFileReference; lastKnownFileType = sourcecode.swift; path = ViewController.swift; sourceTree = "<group>"; };
		FC1AEB9E2BDFCDE30044FD45 /* Base */ = {isa = PBXFileReference; lastKnownFileType = file.storyboard; name = Base; path = Base.lproj/Main.storyboard; sourceTree = "<group>"; };
		FC1AEBA02BDFCDE40044FD45 /* Assets.xcassets */ = {isa = PBXFileReference; lastKnownFileType = folder.assetcatalog; path = Assets.xcassets; sourceTree = "<group>"; };
		FC1AEBA32BDFCDE40044FD45 /* Base */ = {isa = PBXFileReference; lastKnownFileType = file.storyboard; name = Base; path = Base.lproj/LaunchScreen.storyboard; sourceTree = "<group>"; };
		FC1AEBA52BDFCDE40044FD45 /* Info.plist */ = {isa = PBXFileReference; lastKnownFileType = text.plist.xml; path = Info.plist; sourceTree = "<group>"; };
		FC1AEBA92BDFCE3A0044FD45 /* TableHeaderView.swift */ = {isa = PBXFileReference; lastKnownFileType = sourcecode.swift; path = TableHeaderView.swift; sourceTree = "<group>"; };
		FC1AEBAB2BDFCF690044FD45 /* TableSectionHeaderView.swift */ = {isa = PBXFileReference; lastKnownFileType = sourcecode.swift; path = TableSectionHeaderView.swift; sourceTree = "<group>"; };
		FC1AEBAD2BDFCF6E0044FD45 /* TableSectionHeaderView.xib */ = {isa = PBXFileReference; lastKnownFileType = file.xib; path = TableSectionHeaderView.xib; sourceTree = "<group>"; };
		FC1AEBB12BDFD67A0044FD45 /* load_class.png */ = {isa = PBXFileReference; lastKnownFileType = image.png; path = load_class.png; sourceTree = "<group>"; };
		FC1AEBB32BDFFB710044FD45 /* MyAlbumsCell.swift */ = {isa = PBXFileReference; lastKnownFileType = sourcecode.swift; path = MyAlbumsCell.swift; sourceTree = "<group>"; };
		FC1AEBB52BDFFB8A0044FD45 /* MyAlbumsCell.swift */ = {isa = PBXFileReference; lastKnownFileType = sourcecode.swift; path = MyAlbumsCell.swift; sourceTree = "<group>"; };
		FC1AEBB92BE00B330044FD45 /* AlbumCell.swift */ = {isa = PBXFileReference; lastKnownFileType = sourcecode.swift; path = AlbumCell.swift; sourceTree = "<group>"; };
		FC1AEBBB2BE024350044FD45 /* MultilineCell.swift */ = {isa = PBXFileReference; lastKnownFileType = sourcecode.swift; path = MultilineCell.swift; sourceTree = "<group>"; };
		FC1AEBBF2BE10AB60044FD45 /* MultilineCell.swift */ = {isa = PBXFileReference; lastKnownFileType = sourcecode.swift; path = MultilineCell.swift; sourceTree = "<group>"; };
		FC1AEBC12BE1147C0044FD45 /* PeopleAndPlacesCell.swift */ = {isa = PBXFileReference; lastKnownFileType = sourcecode.swift; path = PeopleAndPlacesCell.swift; sourceTree = "<group>"; };
		FC1AEBC32BE1175C0044FD45 /* PlacesCell.swift */ = {isa = PBXFileReference; lastKnownFileType = sourcecode.swift; path = PlacesCell.swift; sourceTree = "<group>"; };
		FC1AEBC52BE3EE180044FD45 /* systemLayoutSizeFitting.png */ = {isa = PBXFileReference; lastKnownFileType = image.png; path = systemLayoutSizeFitting.png; sourceTree = "<group>"; };
		FC1AEBCB2BE3EE300044FD45 /* UITableViewDemo.app */ = {isa = PBXFileReference; explicitFileType = wrapper.application; includeInIndex = 0; path = UITableViewDemo.app; sourceTree = BUILT_PRODUCTS_DIR; };
		FC1AEBCD2BE3EE300044FD45 /* AppDelegate.swift */ = {isa = PBXFileReference; lastKnownFileType = sourcecode.swift; path = AppDelegate.swift; sourceTree = "<group>"; };
		FC1AEBCF2BE3EE300044FD45 /* SceneDelegate.swift */ = {isa = PBXFileReference; lastKnownFileType = sourcecode.swift; path = SceneDelegate.swift; sourceTree = "<group>"; };
		FC1AEBD12BE3EE300044FD45 /* ViewController.swift */ = {isa = PBXFileReference; lastKnownFileType = sourcecode.swift; path = ViewController.swift; sourceTree = "<group>"; };
		FC1AEBD62BE3EE320044FD45 /* Assets.xcassets */ = {isa = PBXFileReference; lastKnownFileType = folder.assetcatalog; path = Assets.xcassets; sourceTree = "<group>"; };
		FC1AEBD92BE3EE320044FD45 /* Base */ = {isa = PBXFileReference; lastKnownFileType = file.storyboard; name = Base; path = Base.lproj/LaunchScreen.storyboard; sourceTree = "<group>"; };
		FC1AEBDB2BE3EE320044FD45 /* Info.plist */ = {isa = PBXFileReference; lastKnownFileType = text.plist.xml; path = Info.plist; sourceTree = "<group>"; };
		FC1AEBDF2BE3EF900044FD45 /* CustomTableViewCell.swift */ = {isa = PBXFileReference; lastKnownFileType = sourcecode.swift; path = CustomTableViewCell.swift; sourceTree = "<group>"; };
		FC1AEBE12BE3EFFA0044FD45 /* CustomTableViewCellV2.swift */ = {isa = PBXFileReference; lastKnownFileType = sourcecode.swift; path = CustomTableViewCellV2.swift; sourceTree = "<group>"; };
		FC1AEBE32BE3F03C0044FD45 /* CustomSectionHeaderView.swift */ = {isa = PBXFileReference; lastKnownFileType = sourcecode.swift; path = CustomSectionHeaderView.swift; sourceTree = "<group>"; };
		FC6098A22BDB984100B96DE8 /* AlbumCell.swift */ = {isa = PBXFileReference; lastKnownFileType = sourcecode.swift; path = AlbumCell.swift; sourceTree = "<group>"; };
		FC6098A42BDB9A9800B96DE8 /* PeopleAndPlacesCell.swift */ = {isa = PBXFileReference; lastKnownFileType = sourcecode.swift; path = PeopleAndPlacesCell.swift; sourceTree = "<group>"; };
		FC815B5B2BDAB49F0008977F /* ListDemo.app */ = {isa = PBXFileReference; explicitFileType = wrapper.application; includeInIndex = 0; path = ListDemo.app; sourceTree = BUILT_PRODUCTS_DIR; };
		FC815B5E2BDAB49F0008977F /* AppDelegate.swift */ = {isa = PBXFileReference; lastKnownFileType = sourcecode.swift; path = AppDelegate.swift; sourceTree = "<group>"; };
		FC815B602BDAB49F0008977F /* SceneDelegate.swift */ = {isa = PBXFileReference; lastKnownFileType = sourcecode.swift; path = SceneDelegate.swift; sourceTree = "<group>"; };
		FC815B622BDAB49F0008977F /* ViewController.swift */ = {isa = PBXFileReference; lastKnownFileType = sourcecode.swift; path = ViewController.swift; sourceTree = "<group>"; };
		FC815B672BDAB4A00008977F /* Assets.xcassets */ = {isa = PBXFileReference; lastKnownFileType = folder.assetcatalog; path = Assets.xcassets; sourceTree = "<group>"; };
		FC815B6A2BDAB4A00008977F /* Base */ = {isa = PBXFileReference; lastKnownFileType = file.storyboard; name = Base; path = Base.lproj/LaunchScreen.storyboard; sourceTree = "<group>"; };
		FC815B6C2BDAB4A00008977F /* Info.plist */ = {isa = PBXFileReference; lastKnownFileType = text.plist.xml; path = Info.plist; sourceTree = "<group>"; };
		FC815B8A2BDAB6BA0008977F /* TableHeaderView.swift */ = {isa = PBXFileReference; lastKnownFileType = sourcecode.swift; path = TableHeaderView.swift; sourceTree = "<group>"; };
		FC815B8C2BDABE320008977F /* TableSectionHeaderView.swift */ = {isa = PBXFileReference; lastKnownFileType = sourcecode.swift; path = TableSectionHeaderView.swift; sourceTree = "<group>"; };
		FCC278E72BE68EA900EBFB33 /* String+extension.swift */ = {isa = PBXFileReference; lastKnownFileType = sourcecode.swift; path = "String+extension.swift"; sourceTree = "<group>"; };
/* End PBXFileReference section */

/* Begin PBXFrameworksBuildPhase section */
		FC1AEB922BDFCDE30044FD45 /* Frameworks */ = {
			isa = PBXFrameworksBuildPhase;
			buildActionMask = 2147483647;
			files = (
			);
			runOnlyForDeploymentPostprocessing = 0;
		};
		FC1AEBC82BE3EE300044FD45 /* Frameworks */ = {
			isa = PBXFrameworksBuildPhase;
			buildActionMask = 2147483647;
			files = (
			);
			runOnlyForDeploymentPostprocessing = 0;
		};
		FC815B582BDAB49F0008977F /* Frameworks */ = {
			isa = PBXFrameworksBuildPhase;
			buildActionMask = 2147483647;
			files = (
			);
			runOnlyForDeploymentPostprocessing = 0;
		};
/* End PBXFrameworksBuildPhase section */

/* Begin PBXGroup section */
		FC1AEB962BDFCDE30044FD45 /* ListDemoWithIB */ = {
			isa = PBXGroup;
			children = (
				FC1AEB972BDFCDE30044FD45 /* AppDelegate.swift */,
				FC1AEB992BDFCDE30044FD45 /* SceneDelegate.swift */,
				FC1AEB9B2BDFCDE30044FD45 /* ViewController.swift */,
				FC1AEBA92BDFCE3A0044FD45 /* TableHeaderView.swift */,
				FC1AEBAB2BDFCF690044FD45 /* TableSectionHeaderView.swift */,
				FC1AEBAD2BDFCF6E0044FD45 /* TableSectionHeaderView.xib */,
				FC1AEBB52BDFFB8A0044FD45 /* MyAlbumsCell.swift */,
				FC1AEBB92BE00B330044FD45 /* AlbumCell.swift */,
				FC1AEBC12BE1147C0044FD45 /* PeopleAndPlacesCell.swift */,
				FC1AEBC32BE1175C0044FD45 /* PlacesCell.swift */,
				FC1AEBBF2BE10AB60044FD45 /* MultilineCell.swift */,
				FC1AEB9D2BDFCDE30044FD45 /* Main.storyboard */,
				FC1AEBA02BDFCDE40044FD45 /* Assets.xcassets */,
				FC1AEBA22BDFCDE40044FD45 /* LaunchScreen.storyboard */,
				FC1AEBA52BDFCDE40044FD45 /* Info.plist */,
			);
			path = ListDemoWithIB;
			sourceTree = "<group>";
		};
		FC1AEBCC2BE3EE300044FD45 /* UITableViewDemo */ = {
			isa = PBXGroup;
			children = (
				FC1AEBCD2BE3EE300044FD45 /* AppDelegate.swift */,
				FC1AEBCF2BE3EE300044FD45 /* SceneDelegate.swift */,
				FC1AEBD12BE3EE300044FD45 /* ViewController.swift */,
				FC1AEBDF2BE3EF900044FD45 /* CustomTableViewCell.swift */,
				FC1AEBE12BE3EFFA0044FD45 /* CustomTableViewCellV2.swift */,
				FC1AEBE32BE3F03C0044FD45 /* CustomSectionHeaderView.swift */,
				FCC278E72BE68EA900EBFB33 /* String+extension.swift */,
				FC1AEBD62BE3EE320044FD45 /* Assets.xcassets */,
				FC1AEBD82BE3EE320044FD45 /* LaunchScreen.storyboard */,
				FC1AEBDB2BE3EE320044FD45 /* Info.plist */,
			);
			path = UITableViewDemo;
			sourceTree = "<group>";
		};
		FC815B522BDAB49F0008977F = {
			isa = PBXGroup;
			children = (
				FC1AEBB12BDFD67A0044FD45 /* load_class.png */,
				FC1AEBC52BE3EE180044FD45 /* systemLayoutSizeFitting.png */,
				FC815B5D2BDAB49F0008977F /* ListDemo */,
				FC1AEB962BDFCDE30044FD45 /* ListDemoWithIB */,
				FC1AEBCC2BE3EE300044FD45 /* UITableViewDemo */,
				FC815B5C2BDAB49F0008977F /* Products */,
			);
			sourceTree = "<group>";
		};
		FC815B5C2BDAB49F0008977F /* Products */ = {
			isa = PBXGroup;
			children = (
				FC815B5B2BDAB49F0008977F /* ListDemo.app */,
				FC1AEB952BDFCDE30044FD45 /* ListDemoWithIB.app */,
				FC1AEBCB2BE3EE300044FD45 /* UITableViewDemo.app */,
			);
			name = Products;
			sourceTree = "<group>";
		};
		FC815B5D2BDAB49F0008977F /* ListDemo */ = {
			isa = PBXGroup;
			children = (
				FC815B5E2BDAB49F0008977F /* AppDelegate.swift */,
				FC815B602BDAB49F0008977F /* SceneDelegate.swift */,
				FC815B622BDAB49F0008977F /* ViewController.swift */,
				FC815B8A2BDAB6BA0008977F /* TableHeaderView.swift */,
				FC815B8C2BDABE320008977F /* TableSectionHeaderView.swift */,
				FC1AEBB32BDFFB710044FD45 /* MyAlbumsCell.swift */,
				FC6098A42BDB9A9800B96DE8 /* PeopleAndPlacesCell.swift */,
				FC6098A22BDB984100B96DE8 /* AlbumCell.swift */,
				FC1AEBBB2BE024350044FD45 /* MultilineCell.swift */,
				FC815B672BDAB4A00008977F /* Assets.xcassets */,
				FC815B692BDAB4A00008977F /* LaunchScreen.storyboard */,
				FC815B6C2BDAB4A00008977F /* Info.plist */,
			);
			path = ListDemo;
			sourceTree = "<group>";
		};
/* End PBXGroup section */

/* Begin PBXNativeTarget section */
		FC1AEB942BDFCDE30044FD45 /* ListDemoWithIB */ = {
			isa = PBXNativeTarget;
			buildConfigurationList = FC1AEBA82BDFCDE40044FD45 /* Build configuration list for PBXNativeTarget "ListDemoWithIB" */;
			buildPhases = (
				FC1AEB912BDFCDE30044FD45 /* Sources */,
				FC1AEB922BDFCDE30044FD45 /* Frameworks */,
				FC1AEB932BDFCDE30044FD45 /* Resources */,
			);
			buildRules = (
			);
			dependencies = (
			);
			name = ListDemoWithIB;
			productName = ListDemoWithIB;
			productReference = FC1AEB952BDFCDE30044FD45 /* ListDemoWithIB.app */;
			productType = "com.apple.product-type.application";
		};
		FC1AEBCA2BE3EE300044FD45 /* UITableViewDemo */ = {
			isa = PBXNativeTarget;
			buildConfigurationList = FC1AEBDC2BE3EE320044FD45 /* Build configuration list for PBXNativeTarget "UITableViewDemo" */;
			buildPhases = (
				FC1AEBC72BE3EE300044FD45 /* Sources */,
				FC1AEBC82BE3EE300044FD45 /* Frameworks */,
				FC1AEBC92BE3EE300044FD45 /* Resources */,
			);
			buildRules = (
			);
			dependencies = (
			);
			name = UITableViewDemo;
			productName = UITableViewDemo;
			productReference = FC1AEBCB2BE3EE300044FD45 /* UITableViewDemo.app */;
			productType = "com.apple.product-type.application";
		};
		FC815B5A2BDAB49F0008977F /* ListDemo */ = {
			isa = PBXNativeTarget;
			buildConfigurationList = FC815B6F2BDAB4A00008977F /* Build configuration list for PBXNativeTarget "ListDemo" */;
			buildPhases = (
				FC815B572BDAB49F0008977F /* Sources */,
				FC815B582BDAB49F0008977F /* Frameworks */,
				FC815B592BDAB49F0008977F /* Resources */,
			);
			buildRules = (
			);
			dependencies = (
			);
			name = ListDemo;
			productName = ListDemo;
			productReference = FC815B5B2BDAB49F0008977F /* ListDemo.app */;
			productType = "com.apple.product-type.application";
		};
/* End PBXNativeTarget section */

/* Begin PBXProject section */
		FC815B532BDAB49F0008977F /* Project object */ = {
			isa = PBXProject;
			attributes = {
				BuildIndependentTargetsInParallel = 1;
				LastSwiftUpdateCheck = 1510;
				LastUpgradeCheck = 1510;
				TargetAttributes = {
					FC1AEB942BDFCDE30044FD45 = {
						CreatedOnToolsVersion = 15.1;
					};
					FC1AEBCA2BE3EE300044FD45 = {
						CreatedOnToolsVersion = 15.1;
					};
					FC815B5A2BDAB49F0008977F = {
						CreatedOnToolsVersion = 15.1;
					};
				};
			};
			buildConfigurationList = FC815B562BDAB49F0008977F /* Build configuration list for PBXProject "ListDemo" */;
			compatibilityVersion = "Xcode 14.0";
			developmentRegion = en;
			hasScannedForEncodings = 0;
			knownRegions = (
				en,
				Base,
			);
			mainGroup = FC815B522BDAB49F0008977F;
			productRefGroup = FC815B5C2BDAB49F0008977F /* Products */;
			projectDirPath = "";
			projectRoot = "";
			targets = (
				FC815B5A2BDAB49F0008977F /* ListDemo */,
				FC1AEB942BDFCDE30044FD45 /* ListDemoWithIB */,
				FC1AEBCA2BE3EE300044FD45 /* UITableViewDemo */,
			);
		};
/* End PBXProject section */

/* Begin PBXResourcesBuildPhase section */
		FC1AEB932BDFCDE30044FD45 /* Resources */ = {
			isa = PBXResourcesBuildPhase;
			buildActionMask = 2147483647;
			files = (
				FC1AEBAE2BDFCF6E0044FD45 /* TableSectionHeaderView.xib in Resources */,
				FC1AEBA42BDFCDE40044FD45 /* LaunchScreen.storyboard in Resources */,
				FC1AEBB22BDFD67A0044FD45 /* load_class.png in Resources */,
				FC1AEBC62BE3EE180044FD45 /* systemLayoutSizeFitting.png in Resources */,
				FC1AEBA12BDFCDE40044FD45 /* Assets.xcassets in Resources */,
				FC1AEB9F2BDFCDE30044FD45 /* Main.storyboard in Resources */,
			);
			runOnlyForDeploymentPostprocessing = 0;
		};
		FC1AEBC92BE3EE300044FD45 /* Resources */ = {
			isa = PBXResourcesBuildPhase;
			buildActionMask = 2147483647;
			files = (
				FC1AEBDA2BE3EE320044FD45 /* LaunchScreen.storyboard in Resources */,
				FC1AEBD72BE3EE320044FD45 /* Assets.xcassets in Resources */,
			);
			runOnlyForDeploymentPostprocessing = 0;
		};
		FC815B592BDAB49F0008977F /* Resources */ = {
			isa = PBXResourcesBuildPhase;
			buildActionMask = 2147483647;
			files = (
				FC815B6B2BDAB4A00008977F /* LaunchScreen.storyboard in Resources */,
				FC815B682BDAB4A00008977F /* Assets.xcassets in Resources */,
			);
			runOnlyForDeploymentPostprocessing = 0;
		};
/* End PBXResourcesBuildPhase section */

/* Begin PBXSourcesBuildPhase section */
		FC1AEB912BDFCDE30044FD45 /* Sources */ = {
			isa = PBXSourcesBuildPhase;
			buildActionMask = 2147483647;
			files = (
				FC1AEBAA2BDFCE3A0044FD45 /* TableHeaderView.swift in Sources */,
				FC1AEBC02BE10AB60044FD45 /* MultilineCell.swift in Sources */,
				FC1AEBC22BE1147C0044FD45 /* PeopleAndPlacesCell.swift in Sources */,
				FC1AEBB62BDFFB8A0044FD45 /* MyAlbumsCell.swift in Sources */,
				FC1AEBAC2BDFCF690044FD45 /* TableSectionHeaderView.swift in Sources */,
				FC1AEBBA2BE00B330044FD45 /* AlbumCell.swift in Sources */,
				FC1AEB9C2BDFCDE30044FD45 /* ViewController.swift in Sources */,
				FC1AEBC42BE1175C0044FD45 /* PlacesCell.swift in Sources */,
				FC1AEB982BDFCDE30044FD45 /* AppDelegate.swift in Sources */,
				FC1AEB9A2BDFCDE30044FD45 /* SceneDelegate.swift in Sources */,
			);
			runOnlyForDeploymentPostprocessing = 0;
		};
		FC1AEBC72BE3EE300044FD45 /* Sources */ = {
			isa = PBXSourcesBuildPhase;
			buildActionMask = 2147483647;
			files = (
				FC1AEBD22BE3EE300044FD45 /* ViewController.swift in Sources */,
				FC1AEBCE2BE3EE300044FD45 /* AppDelegate.swift in Sources */,
				FC1AEBE02BE3EF900044FD45 /* CustomTableViewCell.swift in Sources */,
				FC1AEBE22BE3EFFA0044FD45 /* CustomTableViewCellV2.swift in Sources */,
				FC1AEBE42BE3F03C0044FD45 /* CustomSectionHeaderView.swift in Sources */,
				FCC278E82BE68EA900EBFB33 /* String+extension.swift in Sources */,
				FC1AEBD02BE3EE300044FD45 /* SceneDelegate.swift in Sources */,
			);
			runOnlyForDeploymentPostprocessing = 0;
		};
		FC815B572BDAB49F0008977F /* Sources */ = {
			isa = PBXSourcesBuildPhase;
			buildActionMask = 2147483647;
			files = (
				FC815B8B2BDAB6BA0008977F /* TableHeaderView.swift in Sources */,
				FC815B8D2BDABE320008977F /* TableSectionHeaderView.swift in Sources */,
				FC1AEBBC2BE024350044FD45 /* MultilineCell.swift in Sources */,
				FC6098A32BDB984100B96DE8 /* AlbumCell.swift in Sources */,
				FC6098A52BDB9A9800B96DE8 /* PeopleAndPlacesCell.swift in Sources */,
				FC815B632BDAB49F0008977F /* ViewController.swift in Sources */,
				FC815B5F2BDAB49F0008977F /* AppDelegate.swift in Sources */,
				FC815B612BDAB49F0008977F /* SceneDelegate.swift in Sources */,
				FC1AEBB42BDFFB710044FD45 /* MyAlbumsCell.swift in Sources */,
			);
			runOnlyForDeploymentPostprocessing = 0;
		};
/* End PBXSourcesBuildPhase section */

/* Begin PBXVariantGroup section */
		FC1AEB9D2BDFCDE30044FD45 /* Main.storyboard */ = {
			isa = PBXVariantGroup;
			children = (
				FC1AEB9E2BDFCDE30044FD45 /* Base */,
			);
			name = Main.storyboard;
			sourceTree = "<group>";
		};
		FC1AEBA22BDFCDE40044FD45 /* LaunchScreen.storyboard */ = {
			isa = PBXVariantGroup;
			children = (
				FC1AEBA32BDFCDE40044FD45 /* Base */,
			);
			name = LaunchScreen.storyboard;
			sourceTree = "<group>";
		};
		FC1AEBD82BE3EE320044FD45 /* LaunchScreen.storyboard */ = {
			isa = PBXVariantGroup;
			children = (
				FC1AEBD92BE3EE320044FD45 /* Base */,
			);
			name = LaunchScreen.storyboard;
			sourceTree = "<group>";
		};
		FC815B692BDAB4A00008977F /* LaunchScreen.storyboard */ = {
			isa = PBXVariantGroup;
			children = (
				FC815B6A2BDAB4A00008977F /* Base */,
			);
			name = LaunchScreen.storyboard;
			sourceTree = "<group>";
		};
/* End PBXVariantGroup section */

/* Begin XCBuildConfiguration section */
		FC1AEBA62BDFCDE40044FD45 /* Debug */ = {
			isa = XCBuildConfiguration;
			buildSettings = {
				ASSETCATALOG_COMPILER_APPICON_NAME = AppIcon;
				ASSETCATALOG_COMPILER_GLOBAL_ACCENT_COLOR_NAME = AccentColor;
				CODE_SIGN_STYLE = Automatic;
				CURRENT_PROJECT_VERSION = 1;
				DEVELOPMENT_TEAM = 3W84AJ77MA;
				GENERATE_INFOPLIST_FILE = YES;
				INFOPLIST_FILE = ListDemoWithIB/Info.plist;
				INFOPLIST_KEY_UIApplicationSupportsIndirectInputEvents = YES;
				INFOPLIST_KEY_UILaunchStoryboardName = LaunchScreen;
				INFOPLIST_KEY_UIMainStoryboardFile = Main;
				INFOPLIST_KEY_UISupportedInterfaceOrientations = UIInterfaceOrientationPortrait;
				INFOPLIST_KEY_UISupportedInterfaceOrientations_iPad = "UIInterfaceOrientationLandscapeLeft UIInterfaceOrientationLandscapeRight UIInterfaceOrientationPortrait UIInterfaceOrientationPortraitUpsideDown";
				IPHONEOS_DEPLOYMENT_TARGET = 16.0;
				LD_RUNPATH_SEARCH_PATHS = (
					"$(inherited)",
					"@executable_path/Frameworks",
				);
				MARKETING_VERSION = 1.0;
				PRODUCT_BUNDLE_IDENTIFIER = com.tsaidov.ListDemoWithIB;
				PRODUCT_NAME = "$(TARGET_NAME)";
				SUPPORTED_PLATFORMS = "iphoneos iphonesimulator";
				SUPPORTS_MACCATALYST = NO;
				SUPPORTS_MAC_DESIGNED_FOR_IPHONE_IPAD = NO;
				SWIFT_EMIT_LOC_STRINGS = YES;
				SWIFT_VERSION = 5.0;
				TARGETED_DEVICE_FAMILY = 1;
			};
			name = Debug;
		};
		FC1AEBA72BDFCDE40044FD45 /* Release */ = {
			isa = XCBuildConfiguration;
			buildSettings = {
				ASSETCATALOG_COMPILER_APPICON_NAME = AppIcon;
				ASSETCATALOG_COMPILER_GLOBAL_ACCENT_COLOR_NAME = AccentColor;
				CODE_SIGN_STYLE = Automatic;
				CURRENT_PROJECT_VERSION = 1;
				DEVELOPMENT_TEAM = 3W84AJ77MA;
				GENERATE_INFOPLIST_FILE = YES;
				INFOPLIST_FILE = ListDemoWithIB/Info.plist;
				INFOPLIST_KEY_UIApplicationSupportsIndirectInputEvents = YES;
				INFOPLIST_KEY_UILaunchStoryboardName = LaunchScreen;
				INFOPLIST_KEY_UIMainStoryboardFile = Main;
				INFOPLIST_KEY_UISupportedInterfaceOrientations = UIInterfaceOrientationPortrait;
				INFOPLIST_KEY_UISupportedInterfaceOrientations_iPad = "UIInterfaceOrientationLandscapeLeft UIInterfaceOrientationLandscapeRight UIInterfaceOrientationPortrait UIInterfaceOrientationPortraitUpsideDown";
				IPHONEOS_DEPLOYMENT_TARGET = 16.0;
				LD_RUNPATH_SEARCH_PATHS = (
					"$(inherited)",
					"@executable_path/Frameworks",
				);
				MARKETING_VERSION = 1.0;
				PRODUCT_BUNDLE_IDENTIFIER = com.tsaidov.ListDemoWithIB;
				PRODUCT_NAME = "$(TARGET_NAME)";
				SUPPORTED_PLATFORMS = "iphoneos iphonesimulator";
				SUPPORTS_MACCATALYST = NO;
				SUPPORTS_MAC_DESIGNED_FOR_IPHONE_IPAD = NO;
				SWIFT_EMIT_LOC_STRINGS = YES;
				SWIFT_VERSION = 5.0;
				TARGETED_DEVICE_FAMILY = 1;
			};
			name = Release;
		};
		FC1AEBDD2BE3EE320044FD45 /* Debug */ = {
			isa = XCBuildConfiguration;
			buildSettings = {
				ASSETCATALOG_COMPILER_APPICON_NAME = AppIcon;
				ASSETCATALOG_COMPILER_GLOBAL_ACCENT_COLOR_NAME = AccentColor;
				CODE_SIGN_STYLE = Automatic;
				CURRENT_PROJECT_VERSION = 1;
				DEVELOPMENT_TEAM = 3W84AJ77MA;
				GENERATE_INFOPLIST_FILE = YES;
				INFOPLIST_FILE = UITableViewDemo/Info.plist;
				INFOPLIST_KEY_UIApplicationSupportsIndirectInputEvents = YES;
				INFOPLIST_KEY_UILaunchStoryboardName = LaunchScreen;
				INFOPLIST_KEY_UISupportedInterfaceOrientations = UIInterfaceOrientationPortrait;
				INFOPLIST_KEY_UISupportedInterfaceOrientations_iPad = "UIInterfaceOrientationLandscapeLeft UIInterfaceOrientationLandscapeRight UIInterfaceOrientationPortrait UIInterfaceOrientationPortraitUpsideDown";
				IPHONEOS_DEPLOYMENT_TARGET = 16.0;
				LD_RUNPATH_SEARCH_PATHS = (
					"$(inherited)",
					"@executable_path/Frameworks",
				);
				MARKETING_VERSION = 1.0;
				PRODUCT_BUNDLE_IDENTIFIER = com.tsaidov.UITableViewDemo;
				PRODUCT_NAME = "$(TARGET_NAME)";
				SUPPORTED_PLATFORMS = "iphoneos iphonesimulator";
				SUPPORTS_MACCATALYST = NO;
				SUPPORTS_MAC_DESIGNED_FOR_IPHONE_IPAD = NO;
				SWIFT_EMIT_LOC_STRINGS = YES;
				SWIFT_VERSION = 5.0;
				TARGETED_DEVICE_FAMILY = 1;
			};
			name = Debug;
		};
		FC1AEBDE2BE3EE320044FD45 /* Release */ = {
			isa = XCBuildConfiguration;
			buildSettings = {
				ASSETCATALOG_COMPILER_APPICON_NAME = AppIcon;
				ASSETCATALOG_COMPILER_GLOBAL_ACCENT_COLOR_NAME = AccentColor;
				CODE_SIGN_STYLE = Automatic;
				CURRENT_PROJECT_VERSION = 1;
				DEVELOPMENT_TEAM = 3W84AJ77MA;
				GENERATE_INFOPLIST_FILE = YES;
				INFOPLIST_FILE = UITableViewDemo/Info.plist;
				INFOPLIST_KEY_UIApplicationSupportsIndirectInputEvents = YES;
				INFOPLIST_KEY_UILaunchStoryboardName = LaunchScreen;
				INFOPLIST_KEY_UISupportedInterfaceOrientations = UIInterfaceOrientationPortrait;
				INFOPLIST_KEY_UISupportedInterfaceOrientations_iPad = "UIInterfaceOrientationLandscapeLeft UIInterfaceOrientationLandscapeRight UIInterfaceOrientationPortrait UIInterfaceOrientationPortraitUpsideDown";
				IPHONEOS_DEPLOYMENT_TARGET = 16.0;
				LD_RUNPATH_SEARCH_PATHS = (
					"$(inherited)",
					"@executable_path/Frameworks",
				);
				MARKETING_VERSION = 1.0;
				PRODUCT_BUNDLE_IDENTIFIER = com.tsaidov.UITableViewDemo;
				PRODUCT_NAME = "$(TARGET_NAME)";
				SUPPORTED_PLATFORMS = "iphoneos iphonesimulator";
				SUPPORTS_MACCATALYST = NO;
				SUPPORTS_MAC_DESIGNED_FOR_IPHONE_IPAD = NO;
				SWIFT_EMIT_LOC_STRINGS = YES;
				SWIFT_VERSION = 5.0;
				TARGETED_DEVICE_FAMILY = 1;
			};
			name = Release;
		};
		FC815B6D2BDAB4A00008977F /* Debug */ = {
			isa = XCBuildConfiguration;
			buildSettings = {
				ALWAYS_SEARCH_USER_PATHS = NO;
				ASSETCATALOG_COMPILER_GENERATE_SWIFT_ASSET_SYMBOL_EXTENSIONS = YES;
				CLANG_ANALYZER_NONNULL = YES;
				CLANG_ANALYZER_NUMBER_OBJECT_CONVERSION = YES_AGGRESSIVE;
				CLANG_CXX_LANGUAGE_STANDARD = "gnu++20";
				CLANG_ENABLE_MODULES = YES;
				CLANG_ENABLE_OBJC_ARC = YES;
				CLANG_ENABLE_OBJC_WEAK = YES;
				CLANG_WARN_BLOCK_CAPTURE_AUTORELEASING = YES;
				CLANG_WARN_BOOL_CONVERSION = YES;
				CLANG_WARN_COMMA = YES;
				CLANG_WARN_CONSTANT_CONVERSION = YES;
				CLANG_WARN_DEPRECATED_OBJC_IMPLEMENTATIONS = YES;
				CLANG_WARN_DIRECT_OBJC_ISA_USAGE = YES_ERROR;
				CLANG_WARN_DOCUMENTATION_COMMENTS = YES;
				CLANG_WARN_EMPTY_BODY = YES;
				CLANG_WARN_ENUM_CONVERSION = YES;
				CLANG_WARN_INFINITE_RECURSION = YES;
				CLANG_WARN_INT_CONVERSION = YES;
				CLANG_WARN_NON_LITERAL_NULL_CONVERSION = YES;
				CLANG_WARN_OBJC_IMPLICIT_RETAIN_SELF = YES;
				CLANG_WARN_OBJC_LITERAL_CONVERSION = YES;
				CLANG_WARN_OBJC_ROOT_CLASS = YES_ERROR;
				CLANG_WARN_QUOTED_INCLUDE_IN_FRAMEWORK_HEADER = YES;
				CLANG_WARN_RANGE_LOOP_ANALYSIS = YES;
				CLANG_WARN_STRICT_PROTOTYPES = YES;
				CLANG_WARN_SUSPICIOUS_MOVE = YES;
				CLANG_WARN_UNGUARDED_AVAILABILITY = YES_AGGRESSIVE;
				CLANG_WARN_UNREACHABLE_CODE = YES;
				CLANG_WARN__DUPLICATE_METHOD_MATCH = YES;
				COPY_PHASE_STRIP = NO;
				DEBUG_INFORMATION_FORMAT = dwarf;
				ENABLE_STRICT_OBJC_MSGSEND = YES;
				ENABLE_TESTABILITY = YES;
				ENABLE_USER_SCRIPT_SANDBOXING = YES;
				GCC_C_LANGUAGE_STANDARD = gnu17;
				GCC_DYNAMIC_NO_PIC = NO;
				GCC_NO_COMMON_BLOCKS = YES;
				GCC_OPTIMIZATION_LEVEL = 0;
				GCC_PREPROCESSOR_DEFINITIONS = (
					"DEBUG=1",
					"$(inherited)",
				);
				GCC_WARN_64_TO_32_BIT_CONVERSION = YES;
				GCC_WARN_ABOUT_RETURN_TYPE = YES_ERROR;
				GCC_WARN_UNDECLARED_SELECTOR = YES;
				GCC_WARN_UNINITIALIZED_AUTOS = YES_AGGRESSIVE;
				GCC_WARN_UNUSED_FUNCTION = YES;
				GCC_WARN_UNUSED_VARIABLE = YES;
				IPHONEOS_DEPLOYMENT_TARGET = 16.0;
				LOCALIZATION_PREFERS_STRING_CATALOGS = YES;
				MTL_ENABLE_DEBUG_INFO = INCLUDE_SOURCE;
				MTL_FAST_MATH = YES;
				ONLY_ACTIVE_ARCH = YES;
				SDKROOT = iphoneos;
				SWIFT_ACTIVE_COMPILATION_CONDITIONS = "DEBUG $(inherited)";
				SWIFT_OPTIMIZATION_LEVEL = "-Onone";
			};
			name = Debug;
		};
		FC815B6E2BDAB4A00008977F /* Release */ = {
			isa = XCBuildConfiguration;
			buildSettings = {
				ALWAYS_SEARCH_USER_PATHS = NO;
				ASSETCATALOG_COMPILER_GENERATE_SWIFT_ASSET_SYMBOL_EXTENSIONS = YES;
				CLANG_ANALYZER_NONNULL = YES;
				CLANG_ANALYZER_NUMBER_OBJECT_CONVERSION = YES_AGGRESSIVE;
				CLANG_CXX_LANGUAGE_STANDARD = "gnu++20";
				CLANG_ENABLE_MODULES = YES;
				CLANG_ENABLE_OBJC_ARC = YES;
				CLANG_ENABLE_OBJC_WEAK = YES;
				CLANG_WARN_BLOCK_CAPTURE_AUTORELEASING = YES;
				CLANG_WARN_BOOL_CONVERSION = YES;
				CLANG_WARN_COMMA = YES;
				CLANG_WARN_CONSTANT_CONVERSION = YES;
				CLANG_WARN_DEPRECATED_OBJC_IMPLEMENTATIONS = YES;
				CLANG_WARN_DIRECT_OBJC_ISA_USAGE = YES_ERROR;
				CLANG_WARN_DOCUMENTATION_COMMENTS = YES;
				CLANG_WARN_EMPTY_BODY = YES;
				CLANG_WARN_ENUM_CONVERSION = YES;
				CLANG_WARN_INFINITE_RECURSION = YES;
				CLANG_WARN_INT_CONVERSION = YES;
				CLANG_WARN_NON_LITERAL_NULL_CONVERSION = YES;
				CLANG_WARN_OBJC_IMPLICIT_RETAIN_SELF = YES;
				CLANG_WARN_OBJC_LITERAL_CONVERSION = YES;
				CLANG_WARN_OBJC_ROOT_CLASS = YES_ERROR;
				CLANG_WARN_QUOTED_INCLUDE_IN_FRAMEWORK_HEADER = YES;
				CLANG_WARN_RANGE_LOOP_ANALYSIS = YES;
				CLANG_WARN_STRICT_PROTOTYPES = YES;
				CLANG_WARN_SUSPICIOUS_MOVE = YES;
				CLANG_WARN_UNGUARDED_AVAILABILITY = YES_AGGRESSIVE;
				CLANG_WARN_UNREACHABLE_CODE = YES;
				CLANG_WARN__DUPLICATE_METHOD_MATCH = YES;
				COPY_PHASE_STRIP = NO;
				DEBUG_INFORMATION_FORMAT = "dwarf-with-dsym";
				ENABLE_NS_ASSERTIONS = NO;
				ENABLE_STRICT_OBJC_MSGSEND = YES;
				ENABLE_USER_SCRIPT_SANDBOXING = YES;
				GCC_C_LANGUAGE_STANDARD = gnu17;
				GCC_NO_COMMON_BLOCKS = YES;
				GCC_WARN_64_TO_32_BIT_CONVERSION = YES;
				GCC_WARN_ABOUT_RETURN_TYPE = YES_ERROR;
				GCC_WARN_UNDECLARED_SELECTOR = YES;
				GCC_WARN_UNINITIALIZED_AUTOS = YES_AGGRESSIVE;
				GCC_WARN_UNUSED_FUNCTION = YES;
				GCC_WARN_UNUSED_VARIABLE = YES;
				IPHONEOS_DEPLOYMENT_TARGET = 16.0;
				LOCALIZATION_PREFERS_STRING_CATALOGS = YES;
				MTL_ENABLE_DEBUG_INFO = NO;
				MTL_FAST_MATH = YES;
				SDKROOT = iphoneos;
				SWIFT_COMPILATION_MODE = wholemodule;
				VALIDATE_PRODUCT = YES;
			};
			name = Release;
		};
		FC815B702BDAB4A00008977F /* Debug */ = {
			isa = XCBuildConfiguration;
			buildSettings = {
				ASSETCATALOG_COMPILER_APPICON_NAME = AppIcon;
				ASSETCATALOG_COMPILER_GLOBAL_ACCENT_COLOR_NAME = AccentColor;
				CODE_SIGN_STYLE = Automatic;
				CURRENT_PROJECT_VERSION = 1;
				DEVELOPMENT_TEAM = 3W84AJ77MA;
				GENERATE_INFOPLIST_FILE = YES;
				INFOPLIST_FILE = ListDemo/Info.plist;
				INFOPLIST_KEY_UIApplicationSupportsIndirectInputEvents = YES;
				INFOPLIST_KEY_UILaunchStoryboardName = LaunchScreen;
				INFOPLIST_KEY_UISupportedInterfaceOrientations = UIInterfaceOrientationPortrait;
				INFOPLIST_KEY_UISupportedInterfaceOrientations_iPad = "UIInterfaceOrientationLandscapeLeft UIInterfaceOrientationLandscapeRight UIInterfaceOrientationPortrait UIInterfaceOrientationPortraitUpsideDown";
				IPHONEOS_DEPLOYMENT_TARGET = 16.0;
				LD_RUNPATH_SEARCH_PATHS = (
					"$(inherited)",
					"@executable_path/Frameworks",
				);
				MARKETING_VERSION = 1.0;
				PRODUCT_BUNDLE_IDENTIFIER = com.tsaidov.ListDemo;
				PRODUCT_NAME = "$(TARGET_NAME)";
				SUPPORTED_PLATFORMS = "iphoneos iphonesimulator";
				SUPPORTS_MACCATALYST = NO;
				SUPPORTS_MAC_DESIGNED_FOR_IPHONE_IPAD = NO;
				SWIFT_EMIT_LOC_STRINGS = YES;
				SWIFT_VERSION = 5.0;
				TARGETED_DEVICE_FAMILY = 1;
			};
			name = Debug;
		};
		FC815B712BDAB4A00008977F /* Release */ = {
			isa = XCBuildConfiguration;
			buildSettings = {
				ASSETCATALOG_COMPILER_APPICON_NAME = AppIcon;
				ASSETCATALOG_COMPILER_GLOBAL_ACCENT_COLOR_NAME = AccentColor;
				CODE_SIGN_STYLE = Automatic;
				CURRENT_PROJECT_VERSION = 1;
				DEVELOPMENT_TEAM = 3W84AJ77MA;
				GENERATE_INFOPLIST_FILE = YES;
				INFOPLIST_FILE = ListDemo/Info.plist;
				INFOPLIST_KEY_UIApplicationSupportsIndirectInputEvents = YES;
				INFOPLIST_KEY_UILaunchStoryboardName = LaunchScreen;
				INFOPLIST_KEY_UISupportedInterfaceOrientations = UIInterfaceOrientationPortrait;
				INFOPLIST_KEY_UISupportedInterfaceOrientations_iPad = "UIInterfaceOrientationLandscapeLeft UIInterfaceOrientationLandscapeRight UIInterfaceOrientationPortrait UIInterfaceOrientationPortraitUpsideDown";
				IPHONEOS_DEPLOYMENT_TARGET = 16.0;
				LD_RUNPATH_SEARCH_PATHS = (
					"$(inherited)",
					"@executable_path/Frameworks",
				);
				MARKETING_VERSION = 1.0;
				PRODUCT_BUNDLE_IDENTIFIER = com.tsaidov.ListDemo;
				PRODUCT_NAME = "$(TARGET_NAME)";
				SUPPORTED_PLATFORMS = "iphoneos iphonesimulator";
				SUPPORTS_MACCATALYST = NO;
				SUPPORTS_MAC_DESIGNED_FOR_IPHONE_IPAD = NO;
				SWIFT_EMIT_LOC_STRINGS = YES;
				SWIFT_VERSION = 5.0;
				TARGETED_DEVICE_FAMILY = 1;
			};
			name = Release;
		};
/* End XCBuildConfiguration section */

/* Begin XCConfigurationList section */
		FC1AEBA82BDFCDE40044FD45 /* Build configuration list for PBXNativeTarget "ListDemoWithIB" */ = {
			isa = XCConfigurationList;
			buildConfigurations = (
				FC1AEBA62BDFCDE40044FD45 /* Debug */,
				FC1AEBA72BDFCDE40044FD45 /* Release */,
			);
			defaultConfigurationIsVisible = 0;
			defaultConfigurationName = Release;
		};
		FC1AEBDC2BE3EE320044FD45 /* Build configuration list for PBXNativeTarget "UITableViewDemo" */ = {
			isa = XCConfigurationList;
			buildConfigurations = (
				FC1AEBDD2BE3EE320044FD45 /* Debug */,
				FC1AEBDE2BE3EE320044FD45 /* Release */,
			);
			defaultConfigurationIsVisible = 0;
			defaultConfigurationName = Release;
		};
		FC815B562BDAB49F0008977F /* Build configuration list for PBXProject "ListDemo" */ = {
			isa = XCConfigurationList;
			buildConfigurations = (
				FC815B6D2BDAB4A00008977F /* Debug */,
				FC815B6E2BDAB4A00008977F /* Release */,
			);
			defaultConfigurationIsVisible = 0;
			defaultConfigurationName = Release;
		};
		FC815B6F2BDAB4A00008977F /* Build configuration list for PBXNativeTarget "ListDemo" */ = {
			isa = XCConfigurationList;
			buildConfigurations = (
				FC815B702BDAB4A00008977F /* Debug */,
				FC815B712BDAB4A00008977F /* Release */,
			);
			defaultConfigurationIsVisible = 0;
			defaultConfigurationName = Release;
		};
/* End XCConfigurationList section */
	};
	rootObject = FC815B532BDAB49F0008977F /* Project object */;
}
